
Microsoft Visual Studio Solution File, Format Version 12.00
# Visual Studio Version 17
VisualStudioVersion = 17.0.31903.59
MinimumVisualStudioVersion = 10.0.40219.1
Project("{9A19103F-16F7-4668-BE54-9A1E7A4F7556}") = "API", "API\API.csproj", "{D7B21344-D02B-453C-9FA0-4E068BF33FB5}"
EndProject
Project("{FAE04EC0-301F-11D3-BF4B-00C04F79EFBC}") = "Core", "Core\Core.csproj", "{0B6E3174-8366-46A1-B075-40D40C35BF2C}"
EndProject
Project("{FAE04EC0-301F-11D3-BF4B-00C04F79EFBC}") = "Infrastructure", "Infrastructure\Infrastructure.csproj", "{BD762D9C-73A1-4E6D-B46F-33876D75C4BE}"
EndProject
Global
	GlobalSection(SolutionConfigurationPlatforms) = preSolution
		Debug|Any CPU = Debug|Any CPU
		Release|Any CPU = Release|Any CPU
	EndGlobalSection
	GlobalSection(ProjectConfigurationPlatforms) = postSolution
		{D7B21344-D02B-453C-9FA0-4E068BF33FB5}.Debug|Any CPU.ActiveCfg = Debug|Any CPU
		{D7B21344-D02B-453C-9FA0-4E068BF33FB5}.Debug|Any CPU.Build.0 = Debug|Any CPU
		{D7B21344-D02B-453C-9FA0-4E068BF33FB5}.Release|Any CPU.ActiveCfg = Release|Any CPU
		{D7B21344-D02B-453C-9FA0-4E068BF33FB5}.Release|Any CPU.Build.0 = Release|Any CPU
		{0B6E3174-8366-46A1-B075-40D40C35BF2C}.Debug|Any CPU.ActiveCfg = Debug|Any CPU
		{0B6E3174-8366-46A1-B075-40D40C35BF2C}.Debug|Any CPU.Build.0 = Debug|Any CPU
		{0B6E3174-8366-46A1-B075-40D40C35BF2C}.Release|Any CPU.ActiveCfg = Release|Any CPU
		{0B6E3174-8366-46A1-B075-40D40C35BF2C}.Release|Any CPU.Build.0 = Release|Any CPU
		{BD762D9C-73A1-4E6D-B46F-33876D75C4BE}.Debug|Any CPU.ActiveCfg = Debug|Any CPU
		{BD762D9C-73A1-4E6D-B46F-33876D75C4BE}.Debug|Any CPU.Build.0 = Debug|Any CPU
		{BD762D9C-73A1-4E6D-B46F-33876D75C4BE}.Release|Any CPU.ActiveCfg = Release|Any CPU
		{BD762D9C-73A1-4E6D-B46F-33876D75C4BE}.Release|Any CPU.Build.0 = Release|Any CPU
	EndGlobalSection
	GlobalSection(SolutionProperties) = preSolution
		HideSolutionNode = FALSE
	EndGlobalSection
	GlobalSection(ExtensibilityGlobals) = postSolution
		SolutionGuid = {8D6E3B19-AFD0-412F-ABA9-EDAF68D0BA05}
	EndGlobalSection
EndGlobal
